// !$*UTF8*$!
{
	archiveVersion = 1;
	classes = {
	};
	objectVersion = 50;
	objects = {

/* Begin PBXBuildFile section */
		272CB7FD216F8604009A759A /* SWRevealViewController.m in Sources */ = {isa = PBXBuildFile; fileRef = 272CB7FB216F8604009A759A /* SWRevealViewController.m */; };
		272CB806216F8AF4009A759A /* ChatVC.swift in Sources */ = {isa = PBXBuildFile; fileRef = 272CB805216F8AF4009A759A /* ChatVC.swift */; };
		272CB808216F8B18009A759A /* ChannelVC.swift in Sources */ = {isa = PBXBuildFile; fileRef = 272CB807216F8B18009A759A /* ChannelVC.swift */; };
		276840A2216F781C0052B2C4 /* AppDelegate.swift in Sources */ = {isa = PBXBuildFile; fileRef = 276840A1216F781C0052B2C4 /* AppDelegate.swift */; };
		276840A7216F781C0052B2C4 /* Main.storyboard in Resources */ = {isa = PBXBuildFile; fileRef = 276840A5216F781C0052B2C4 /* Main.storyboard */; };
		276840AA216F781C0052B2C4 /* TalkingChatApp.xcdatamodeld in Sources */ = {isa = PBXBuildFile; fileRef = 276840A8216F781C0052B2C4 /* TalkingChatApp.xcdatamodeld */; };
		276840AC216F781D0052B2C4 /* Assets.xcassets in Resources */ = {isa = PBXBuildFile; fileRef = 276840AB216F781D0052B2C4 /* Assets.xcassets */; };
		276840AF216F781D0052B2C4 /* LaunchScreen.storyboard in Resources */ = {isa = PBXBuildFile; fileRef = 276840AD216F781D0052B2C4 /* LaunchScreen.storyboard */; };
		276840BA216F781D0052B2C4 /* TalkingChatAppTests.swift in Sources */ = {isa = PBXBuildFile; fileRef = 276840B9216F781D0052B2C4 /* TalkingChatAppTests.swift */; };
		276840C5216F781D0052B2C4 /* TalkingChatAppUITests.swift in Sources */ = {isa = PBXBuildFile; fileRef = 276840C4216F781D0052B2C4 /* TalkingChatAppUITests.swift */; };
		6C0F1612233A6F108ECEECEC /* Pods_TalkingChatApp.framework in Frameworks */ = {isa = PBXBuildFile; fileRef = 06B2120685CE38E39DF60659 /* Pods_TalkingChatApp.framework */; };
		7AE24BAB17E83504A07ED264 /* Pods_TalkingChatAppUITests.framework in Frameworks */ = {isa = PBXBuildFile; fileRef = DCE1FBECF522C79F7ED92F0F /* Pods_TalkingChatAppUITests.framework */; };
		8D9BD385BCDC9095469C4A9E /* Pods_TalkingChatAppTests.framework in Frameworks */ = {isa = PBXBuildFile; fileRef = 41D84A7C0509268DE633C567 /* Pods_TalkingChatAppTests.framework */; };
/* End PBXBuildFile section */

/* Begin PBXContainerItemProxy section */
		276840B6216F781D0052B2C4 /* PBXContainerItemProxy */ = {
			isa = PBXContainerItemProxy;
			containerPortal = 27684096216F781B0052B2C4 /* Project object */;
			proxyType = 1;
			remoteGlobalIDString = 2768409D216F781C0052B2C4;
			remoteInfo = TalkingChatApp;
		};
		276840C1216F781D0052B2C4 /* PBXContainerItemProxy */ = {
			isa = PBXContainerItemProxy;
			containerPortal = 27684096216F781B0052B2C4 /* Project object */;
			proxyType = 1;
			remoteGlobalIDString = 2768409D216F781C0052B2C4;
			remoteInfo = TalkingChatApp;
		};
/* End PBXContainerItemProxy section */

/* Begin PBXFileReference section */
		06B2120685CE38E39DF60659 /* Pods_TalkingChatApp.framework */ = {isa = PBXFileReference; explicitFileType = wrapper.framework; includeInIndex = 0; path = Pods_TalkingChatApp.framework; sourceTree = BUILT_PRODUCTS_DIR; };
		272CB7FA216F8603009A759A /* TalkingChatApp-Bridging-Header.h */ = {isa = PBXFileReference; lastKnownFileType = sourcecode.c.h; path = "TalkingChatApp-Bridging-Header.h"; sourceTree = "<group>"; };
		272CB7FB216F8604009A759A /* SWRevealViewController.m */ = {isa = PBXFileReference; fileEncoding = 4; lastKnownFileType = sourcecode.c.objc; path = SWRevealViewController.m; sourceTree = "<group>"; };
		272CB7FC216F8604009A759A /* SWRevealViewController.h */ = {isa = PBXFileReference; fileEncoding = 4; lastKnownFileType = sourcecode.c.h; path = SWRevealViewController.h; sourceTree = "<group>"; };
		272CB7FF216F885A009A759A /* TalkingChatApp-Bridging-Header.h */ = {isa = PBXFileReference; lastKnownFileType = sourcecode.c.h; path = "TalkingChatApp-Bridging-Header.h"; sourceTree = "<group>"; };
		272CB800216F885A009A759A /* SWRevealViewController.h */ = {isa = PBXFileReference; lastKnownFileType = sourcecode.c.h; path = SWRevealViewController.h; sourceTree = "<group>"; };
		272CB801216F885A009A759A /* SWRevealViewController.m */ = {isa = PBXFileReference; lastKnownFileType = sourcecode.c.objc; path = SWRevealViewController.m; sourceTree = "<group>"; };
		272CB805216F8AF4009A759A /* ChatVC.swift */ = {isa = PBXFileReference; lastKnownFileType = sourcecode.swift; path = ChatVC.swift; sourceTree = "<group>"; };
		272CB807216F8B18009A759A /* ChannelVC.swift */ = {isa = PBXFileReference; lastKnownFileType = sourcecode.swift; path = ChannelVC.swift; sourceTree = "<group>"; };
		2768409E216F781C0052B2C4 /* TalkingChatApp.app */ = {isa = PBXFileReference; explicitFileType = wrapper.application; includeInIndex = 0; path = TalkingChatApp.app; sourceTree = BUILT_PRODUCTS_DIR; };
		276840A1216F781C0052B2C4 /* AppDelegate.swift */ = {isa = PBXFileReference; lastKnownFileType = sourcecode.swift; path = AppDelegate.swift; sourceTree = "<group>"; };
		276840A6216F781C0052B2C4 /* Base */ = {isa = PBXFileReference; lastKnownFileType = file.storyboard; name = Base; path = Base.lproj/Main.storyboard; sourceTree = "<group>"; };
		276840A9216F781C0052B2C4 /* TalkingChatApp.xcdatamodel */ = {isa = PBXFileReference; lastKnownFileType = wrapper.xcdatamodel; path = TalkingChatApp.xcdatamodel; sourceTree = "<group>"; };
		276840AB216F781D0052B2C4 /* Assets.xcassets */ = {isa = PBXFileReference; lastKnownFileType = folder.assetcatalog; path = Assets.xcassets; sourceTree = "<group>"; };
		276840AE216F781D0052B2C4 /* Base */ = {isa = PBXFileReference; lastKnownFileType = file.storyboard; name = Base; path = Base.lproj/LaunchScreen.storyboard; sourceTree = "<group>"; };
		276840B0216F781D0052B2C4 /* Info.plist */ = {isa = PBXFileReference; lastKnownFileType = text.plist.xml; path = Info.plist; sourceTree = "<group>"; };
		276840B5216F781D0052B2C4 /* TalkingChatAppTests.xctest */ = {isa = PBXFileReference; explicitFileType = wrapper.cfbundle; includeInIndex = 0; path = TalkingChatAppTests.xctest; sourceTree = BUILT_PRODUCTS_DIR; };
		276840B9216F781D0052B2C4 /* TalkingChatAppTests.swift */ = {isa = PBXFileReference; lastKnownFileType = sourcecode.swift; path = TalkingChatAppTests.swift; sourceTree = "<group>"; };
		276840BB216F781D0052B2C4 /* Info.plist */ = {isa = PBXFileReference; lastKnownFileType = text.plist.xml; path = Info.plist; sourceTree = "<group>"; };
		276840C0216F781D0052B2C4 /* TalkingChatAppUITests.xctest */ = {isa = PBXFileReference; explicitFileType = wrapper.cfbundle; includeInIndex = 0; path = TalkingChatAppUITests.xctest; sourceTree = BUILT_PRODUCTS_DIR; };
		276840C4216F781D0052B2C4 /* TalkingChatAppUITests.swift */ = {isa = PBXFileReference; lastKnownFileType = sourcecode.swift; path = TalkingChatAppUITests.swift; sourceTree = "<group>"; };
		276840C6216F781D0052B2C4 /* Info.plist */ = {isa = PBXFileReference; lastKnownFileType = text.plist.xml; path = Info.plist; sourceTree = "<group>"; };
		41D84A7C0509268DE633C567 /* Pods_TalkingChatAppTests.framework */ = {isa = PBXFileReference; explicitFileType = wrapper.framework; includeInIndex = 0; path = Pods_TalkingChatAppTests.framework; sourceTree = BUILT_PRODUCTS_DIR; };
		4723604722989AC26F449736 /* Pods-TalkingChatAppUITests.debug.xcconfig */ = {isa = PBXFileReference; includeInIndex = 1; lastKnownFileType = text.xcconfig; name = "Pods-TalkingChatAppUITests.debug.xcconfig"; path = "Pods/Target Support Files/Pods-TalkingChatAppUITests/Pods-TalkingChatAppUITests.debug.xcconfig"; sourceTree = "<group>"; };
		5ECE8798CD23A7D2CD546021 /* Pods-TalkingChatAppTests.debug.xcconfig */ = {isa = PBXFileReference; includeInIndex = 1; lastKnownFileType = text.xcconfig; name = "Pods-TalkingChatAppTests.debug.xcconfig"; path = "Pods/Target Support Files/Pods-TalkingChatAppTests/Pods-TalkingChatAppTests.debug.xcconfig"; sourceTree = "<group>"; };
		96200F31F253CDC3AE221E1E /* Pods-TalkingChatAppTests.release.xcconfig */ = {isa = PBXFileReference; includeInIndex = 1; lastKnownFileType = text.xcconfig; name = "Pods-TalkingChatAppTests.release.xcconfig"; path = "Pods/Target Support Files/Pods-TalkingChatAppTests/Pods-TalkingChatAppTests.release.xcconfig"; sourceTree = "<group>"; };
		B5C39A0A4415ADA78B5D9C64 /* Pods-TalkingChatApp.debug.xcconfig */ = {isa = PBXFileReference; includeInIndex = 1; lastKnownFileType = text.xcconfig; name = "Pods-TalkingChatApp.debug.xcconfig"; path = "Pods/Target Support Files/Pods-TalkingChatApp/Pods-TalkingChatApp.debug.xcconfig"; sourceTree = "<group>"; };
		C9BA1BDC47B3DD2115139D6A /* Pods-TalkingChatApp.release.xcconfig */ = {isa = PBXFileReference; includeInIndex = 1; lastKnownFileType = text.xcconfig; name = "Pods-TalkingChatApp.release.xcconfig"; path = "Pods/Target Support Files/Pods-TalkingChatApp/Pods-TalkingChatApp.release.xcconfig"; sourceTree = "<group>"; };
		DCE1FBECF522C79F7ED92F0F /* Pods_TalkingChatAppUITests.framework */ = {isa = PBXFileReference; explicitFileType = wrapper.framework; includeInIndex = 0; path = Pods_TalkingChatAppUITests.framework; sourceTree = BUILT_PRODUCTS_DIR; };
		EE8D1ABFC8FE062F0DFC2371 /* Pods-TalkingChatAppUITests.release.xcconfig */ = {isa = PBXFileReference; includeInIndex = 1; lastKnownFileType = text.xcconfig; name = "Pods-TalkingChatAppUITests.release.xcconfig"; path = "Pods/Target Support Files/Pods-TalkingChatAppUITests/Pods-TalkingChatAppUITests.release.xcconfig"; sourceTree = "<group>"; };
/* End PBXFileReference section */

/* Begin PBXFrameworksBuildPhase section */
		2768409B216F781C0052B2C4 /* Frameworks */ = {
			isa = PBXFrameworksBuildPhase;
			buildActionMask = 2147483647;
			files = (
				6C0F1612233A6F108ECEECEC /* Pods_TalkingChatApp.framework in Frameworks */,
			);
			runOnlyForDeploymentPostprocessing = 0;
		};
		276840B2216F781D0052B2C4 /* Frameworks */ = {
			isa = PBXFrameworksBuildPhase;
			buildActionMask = 2147483647;
			files = (
				8D9BD385BCDC9095469C4A9E /* Pods_TalkingChatAppTests.framework in Frameworks */,
			);
			runOnlyForDeploymentPostprocessing = 0;
		};
		276840BD216F781D0052B2C4 /* Frameworks */ = {
			isa = PBXFrameworksBuildPhase;
			buildActionMask = 2147483647;
			files = (
				7AE24BAB17E83504A07ED264 /* Pods_TalkingChatAppUITests.framework in Frameworks */,
			);
			runOnlyForDeploymentPostprocessing = 0;
		};
/* End PBXFrameworksBuildPhase section */

/* Begin PBXGroup section */
		272CB7F9216F85DB009A759A /* SupportingFiles */ = {
			isa = PBXGroup;
			children = (
				272CB7FC216F8604009A759A /* SWRevealViewController.h */,
				272CB7FB216F8604009A759A /* SWRevealViewController.m */,
				272CB7FA216F8603009A759A /* TalkingChatApp-Bridging-Header.h */,
			);
			path = SupportingFiles;
			sourceTree = "<group>";
		};
		272CB7FE216F885A009A759A /* SupportingFiles */ = {
			isa = PBXGroup;
			children = (
				272CB7FF216F885A009A759A /* TalkingChatApp-Bridging-Header.h */,
				272CB800216F885A009A759A /* SWRevealViewController.h */,
				272CB801216F885A009A759A /* SWRevealViewController.m */,
			);
			path = SupportingFiles;
			sourceTree = "<group>";
		};
		272CB802216F8A8A009A759A /* Controller */ = {
			isa = PBXGroup;
			children = (
				272CB805216F8AF4009A759A /* ChatVC.swift */,
				272CB807216F8B18009A759A /* ChannelVC.swift */,
			);
			path = Controller;
			sourceTree = "<group>";
		};
		272CB803216F8A91009A759A /* View */ = {
			isa = PBXGroup;
			children = (
			);
			path = View;
			sourceTree = "<group>";
		};
		272CB804216F8A99009A759A /* Model */ = {
			isa = PBXGroup;
			children = (
			);
			path = Model;
			sourceTree = "<group>";
		};
		27684095216F781B0052B2C4 = {
			isa = PBXGroup;
			children = (
				272CB7F9216F85DB009A759A /* SupportingFiles */,
				276840A0216F781C0052B2C4 /* TalkingChatApp */,
				276840B8216F781D0052B2C4 /* TalkingChatAppTests */,
				276840C3216F781D0052B2C4 /* TalkingChatAppUITests */,
				2768409F216F781C0052B2C4 /* Products */,
				51F3411B20C783AD57348CB7 /* Pods */,
				2AC17A7CB72814BE7810CEF9 /* Frameworks */,
			);
			sourceTree = "<group>";
		};
		2768409F216F781C0052B2C4 /* Products */ = {
			isa = PBXGroup;
			children = (
				2768409E216F781C0052B2C4 /* TalkingChatApp.app */,
				276840B5216F781D0052B2C4 /* TalkingChatAppTests.xctest */,
				276840C0216F781D0052B2C4 /* TalkingChatAppUITests.xctest */,
			);
			name = Products;
			sourceTree = "<group>";
		};
		276840A0216F781C0052B2C4 /* TalkingChatApp */ = {
			isa = PBXGroup;
			children = (
				272CB804216F8A99009A759A /* Model */,
				272CB803216F8A91009A759A /* View */,
				272CB802216F8A8A009A759A /* Controller */,
				272CB7FE216F885A009A759A /* SupportingFiles */,
				276840A1216F781C0052B2C4 /* AppDelegate.swift */,
				276840A5216F781C0052B2C4 /* Main.storyboard */,
				276840AB216F781D0052B2C4 /* Assets.xcassets */,
				276840AD216F781D0052B2C4 /* LaunchScreen.storyboard */,
				276840B0216F781D0052B2C4 /* Info.plist */,
				276840A8216F781C0052B2C4 /* TalkingChatApp.xcdatamodeld */,
			);
			path = TalkingChatApp;
			sourceTree = "<group>";
		};
		276840B8216F781D0052B2C4 /* TalkingChatAppTests */ = {
			isa = PBXGroup;
			children = (
				276840B9216F781D0052B2C4 /* TalkingChatAppTests.swift */,
				276840BB216F781D0052B2C4 /* Info.plist */,
			);
			path = TalkingChatAppTests;
			sourceTree = "<group>";
		};
		276840C3216F781D0052B2C4 /* TalkingChatAppUITests */ = {
			isa = PBXGroup;
			children = (
				276840C4216F781D0052B2C4 /* TalkingChatAppUITests.swift */,
				276840C6216F781D0052B2C4 /* Info.plist */,
			);
			path = TalkingChatAppUITests;
			sourceTree = "<group>";
		};
		2AC17A7CB72814BE7810CEF9 /* Frameworks */ = {
			isa = PBXGroup;
			children = (
				06B2120685CE38E39DF60659 /* Pods_TalkingChatApp.framework */,
				41D84A7C0509268DE633C567 /* Pods_TalkingChatAppTests.framework */,
				DCE1FBECF522C79F7ED92F0F /* Pods_TalkingChatAppUITests.framework */,
			);
			name = Frameworks;
			sourceTree = "<group>";
		};
		51F3411B20C783AD57348CB7 /* Pods */ = {
			isa = PBXGroup;
			children = (
				B5C39A0A4415ADA78B5D9C64 /* Pods-TalkingChatApp.debug.xcconfig */,
				C9BA1BDC47B3DD2115139D6A /* Pods-TalkingChatApp.release.xcconfig */,
				5ECE8798CD23A7D2CD546021 /* Pods-TalkingChatAppTests.debug.xcconfig */,
				96200F31F253CDC3AE221E1E /* Pods-TalkingChatAppTests.release.xcconfig */,
				4723604722989AC26F449736 /* Pods-TalkingChatAppUITests.debug.xcconfig */,
				EE8D1ABFC8FE062F0DFC2371 /* Pods-TalkingChatAppUITests.release.xcconfig */,
			);
			name = Pods;
			sourceTree = "<group>";
		};
/* End PBXGroup section */

/* Begin PBXNativeTarget section */
		2768409D216F781C0052B2C4 /* TalkingChatApp */ = {
			isa = PBXNativeTarget;
			buildConfigurationList = 276840C9216F781D0052B2C4 /* Build configuration list for PBXNativeTarget "TalkingChatApp" */;
			buildPhases = (
				D1B66367638704594DCB83D6 /* [CP] Check Pods Manifest.lock */,
				2768409A216F781C0052B2C4 /* Sources */,
				2768409B216F781C0052B2C4 /* Frameworks */,
				2768409C216F781C0052B2C4 /* Resources */,
				CC044444F09D61C0259AD8FF /* [CP] Embed Pods Frameworks */,
			);
			buildRules = (
			);
			dependencies = (
			);
			name = TalkingChatApp;
			productName = TalkingChatApp;
			productReference = 2768409E216F781C0052B2C4 /* TalkingChatApp.app */;
			productType = "com.apple.product-type.application";
		};
		276840B4216F781D0052B2C4 /* TalkingChatAppTests */ = {
			isa = PBXNativeTarget;
			buildConfigurationList = 276840CC216F781D0052B2C4 /* Build configuration list for PBXNativeTarget "TalkingChatAppTests" */;
			buildPhases = (
				86ED00A8180A9F05653A4215 /* [CP] Check Pods Manifest.lock */,
				276840B1216F781D0052B2C4 /* Sources */,
				276840B2216F781D0052B2C4 /* Frameworks */,
				276840B3216F781D0052B2C4 /* Resources */,
			);
			buildRules = (
			);
			dependencies = (
				276840B7216F781D0052B2C4 /* PBXTargetDependency */,
			);
			name = TalkingChatAppTests;
			productName = TalkingChatAppTests;
			productReference = 276840B5216F781D0052B2C4 /* TalkingChatAppTests.xctest */;
			productType = "com.apple.product-type.bundle.unit-test";
		};
		276840BF216F781D0052B2C4 /* TalkingChatAppUITests */ = {
			isa = PBXNativeTarget;
			buildConfigurationList = 276840CF216F781D0052B2C4 /* Build configuration list for PBXNativeTarget "TalkingChatAppUITests" */;
			buildPhases = (
				A0121920B2622800E64A9FEB /* [CP] Check Pods Manifest.lock */,
				276840BC216F781D0052B2C4 /* Sources */,
				276840BD216F781D0052B2C4 /* Frameworks */,
				276840BE216F781D0052B2C4 /* Resources */,
			);
			buildRules = (
			);
			dependencies = (
				276840C2216F781D0052B2C4 /* PBXTargetDependency */,
			);
			name = TalkingChatAppUITests;
			productName = TalkingChatAppUITests;
			productReference = 276840C0216F781D0052B2C4 /* TalkingChatAppUITests.xctest */;
			productType = "com.apple.product-type.bundle.ui-testing";
		};
/* End PBXNativeTarget section */

/* Begin PBXProject section */
		27684096216F781B0052B2C4 /* Project object */ = {
			isa = PBXProject;
			attributes = {
				LastSwiftUpdateCheck = 0940;
				LastUpgradeCheck = 0940;
				ORGANIZATIONNAME = CopyPaste89;
				TargetAttributes = {
					2768409D216F781C0052B2C4 = {
						CreatedOnToolsVersion = 9.4;
						LastSwiftMigration = 0940;
					};
					276840B4216F781D0052B2C4 = {
						CreatedOnToolsVersion = 9.4;
						TestTargetID = 2768409D216F781C0052B2C4;
					};
					276840BF216F781D0052B2C4 = {
						CreatedOnToolsVersion = 9.4;
						TestTargetID = 2768409D216F781C0052B2C4;
					};
				};
			};
			buildConfigurationList = 27684099216F781B0052B2C4 /* Build configuration list for PBXProject "TalkingChatApp" */;
			compatibilityVersion = "Xcode 9.3";
			developmentRegion = en;
			hasScannedForEncodings = 0;
			knownRegions = (
				en,
				Base,
			);
			mainGroup = 27684095216F781B0052B2C4;
			productRefGroup = 2768409F216F781C0052B2C4 /* Products */;
			projectDirPath = "";
			projectRoot = "";
			targets = (
				2768409D216F781C0052B2C4 /* TalkingChatApp */,
				276840B4216F781D0052B2C4 /* TalkingChatAppTests */,
				276840BF216F781D0052B2C4 /* TalkingChatAppUITests */,
			);
		};
/* End PBXProject section */

/* Begin PBXResourcesBuildPhase section */
		2768409C216F781C0052B2C4 /* Resources */ = {
			isa = PBXResourcesBuildPhase;
			buildActionMask = 2147483647;
			files = (
				276840AF216F781D0052B2C4 /* LaunchScreen.storyboard in Resources */,
				276840AC216F781D0052B2C4 /* Assets.xcassets in Resources */,
				276840A7216F781C0052B2C4 /* Main.storyboard in Resources */,
			);
			runOnlyForDeploymentPostprocessing = 0;
		};
		276840B3216F781D0052B2C4 /* Resources */ = {
			isa = PBXResourcesBuildPhase;
			buildActionMask = 2147483647;
			files = (
			);
			runOnlyForDeploymentPostprocessing = 0;
		};
		276840BE216F781D0052B2C4 /* Resources */ = {
			isa = PBXResourcesBuildPhase;
			buildActionMask = 2147483647;
			files = (
			);
			runOnlyForDeploymentPostprocessing = 0;
		};
/* End PBXResourcesBuildPhase section */

/* Begin PBXShellScriptBuildPhase section */
		86ED00A8180A9F05653A4215 /* [CP] Check Pods Manifest.lock */ = {
			isa = PBXShellScriptBuildPhase;
			buildActionMask = 2147483647;
			files = (
			);
			inputPaths = (
				"${PODS_PODFILE_DIR_PATH}/Podfile.lock",
				"${PODS_ROOT}/Manifest.lock",
			);
			name = "[CP] Check Pods Manifest.lock";
			outputPaths = (
				"$(DERIVED_FILE_DIR)/Pods-TalkingChatAppTests-checkManifestLockResult.txt",
			);
			runOnlyForDeploymentPostprocessing = 0;
			shellPath = /bin/sh;
			shellScript = "diff \"${PODS_PODFILE_DIR_PATH}/Podfile.lock\" \"${PODS_ROOT}/Manifest.lock\" > /dev/null\nif [ $? != 0 ] ; then\n    # print error to STDERR\n    echo \"error: The sandbox is not in sync with the Podfile.lock. Run 'pod install' or update your CocoaPods installation.\" >&2\n    exit 1\nfi\n# This output is used by Xcode 'outputs' to avoid re-running this script phase.\necho \"SUCCESS\" > \"${SCRIPT_OUTPUT_FILE_0}\"\n";
			showEnvVarsInLog = 0;
		};
		A0121920B2622800E64A9FEB /* [CP] Check Pods Manifest.lock */ = {
			isa = PBXShellScriptBuildPhase;
			buildActionMask = 2147483647;
			files = (
			);
			inputPaths = (
				"${PODS_PODFILE_DIR_PATH}/Podfile.lock",
				"${PODS_ROOT}/Manifest.lock",
			);
			name = "[CP] Check Pods Manifest.lock";
			outputPaths = (
				"$(DERIVED_FILE_DIR)/Pods-TalkingChatAppUITests-checkManifestLockResult.txt",
			);
			runOnlyForDeploymentPostprocessing = 0;
			shellPath = /bin/sh;
			shellScript = "diff \"${PODS_PODFILE_DIR_PATH}/Podfile.lock\" \"${PODS_ROOT}/Manifest.lock\" > /dev/null\nif [ $? != 0 ] ; then\n    # print error to STDERR\n    echo \"error: The sandbox is not in sync with the Podfile.lock. Run 'pod install' or update your CocoaPods installation.\" >&2\n    exit 1\nfi\n# This output is used by Xcode 'outputs' to avoid re-running this script phase.\necho \"SUCCESS\" > \"${SCRIPT_OUTPUT_FILE_0}\"\n";
			showEnvVarsInLog = 0;
		};
		CC044444F09D61C0259AD8FF /* [CP] Embed Pods Frameworks */ = {
			isa = PBXShellScriptBuildPhase;
			buildActionMask = 2147483647;
			files = (
			);
			inputPaths = (
				"${SRCROOT}/Pods/Target Support Files/Pods-TalkingChatApp/Pods-TalkingChatApp-frameworks.sh",
				"${BUILT_PRODUCTS_DIR}/Alamofire/Alamofire.framework",
				"${BUILT_PRODUCTS_DIR}/Socket.IO-Client-Swift/SocketIO.framework",
				"${BUILT_PRODUCTS_DIR}/Starscream/Starscream.framework",
				"${BUILT_PRODUCTS_DIR}/SwiftyJSON/SwiftyJSON.framework",
			);
			name = "[CP] Embed Pods Frameworks";
			outputPaths = (
				"${TARGET_BUILD_DIR}/${FRAMEWORKS_FOLDER_PATH}/Alamofire.framework",
				"${TARGET_BUILD_DIR}/${FRAMEWORKS_FOLDER_PATH}/SocketIO.framework",
				"${TARGET_BUILD_DIR}/${FRAMEWORKS_FOLDER_PATH}/Starscream.framework",
				"${TARGET_BUILD_DIR}/${FRAMEWORKS_FOLDER_PATH}/SwiftyJSON.framework",
			);
			runOnlyForDeploymentPostprocessing = 0;
			shellPath = /bin/sh;
			shellScript = "\"${SRCROOT}/Pods/Target Support Files/Pods-TalkingChatApp/Pods-TalkingChatApp-frameworks.sh\"\n";
			showEnvVarsInLog = 0;
		};
		D1B66367638704594DCB83D6 /* [CP] Check Pods Manifest.lock */ = {
			isa = PBXShellScriptBuildPhase;
			buildActionMask = 2147483647;
			files = (
			);
			inputPaths = (
				"${PODS_PODFILE_DIR_PATH}/Podfile.lock",
				"${PODS_ROOT}/Manifest.lock",
			);
			name = "[CP] Check Pods Manifest.lock";
			outputPaths = (
				"$(DERIVED_FILE_DIR)/Pods-TalkingChatApp-checkManifestLockResult.txt",
			);
			runOnlyForDeploymentPostprocessing = 0;
			shellPath = /bin/sh;
			shellScript = "diff \"${PODS_PODFILE_DIR_PATH}/Podfile.lock\" \"${PODS_ROOT}/Manifest.lock\" > /dev/null\nif [ $? != 0 ] ; then\n    # print error to STDERR\n    echo \"error: The sandbox is not in sync with the Podfile.lock. Run 'pod install' or update your CocoaPods installation.\" >&2\n    exit 1\nfi\n# This output is used by Xcode 'outputs' to avoid re-running this script phase.\necho \"SUCCESS\" > \"${SCRIPT_OUTPUT_FILE_0}\"\n";
			showEnvVarsInLog = 0;
		};
/* End PBXShellScriptBuildPhase section */

/* Begin PBXSourcesBuildPhase section */
		2768409A216F781C0052B2C4 /* Sources */ = {
			isa = PBXSourcesBuildPhase;
			buildActionMask = 2147483647;
			files = (
				272CB806216F8AF4009A759A /* ChatVC.swift in Sources */,
				276840A2216F781C0052B2C4 /* AppDelegate.swift in Sources */,
				276840AA216F781C0052B2C4 /* TalkingChatApp.xcdatamodeld in Sources */,
				272CB7FD216F8604009A759A /* SWRevealViewController.m in Sources */,
				272CB808216F8B18009A759A /* ChannelVC.swift in Sources */,
			);
			runOnlyForDeploymentPostprocessing = 0;
		};
		276840B1216F781D0052B2C4 /* Sources */ = {
			isa = PBXSourcesBuildPhase;
			buildActionMask = 2147483647;
			files = (
				276840BA216F781D0052B2C4 /* TalkingChatAppTests.swift in Sources */,
			);
			runOnlyForDeploymentPostprocessing = 0;
		};
		276840BC216F781D0052B2C4 /* Sources */ = {
			isa = PBXSourcesBuildPhase;
			buildActionMask = 2147483647;
			files = (
				276840C5216F781D0052B2C4 /* TalkingChatAppUITests.swift in Sources */,
			);
			runOnlyForDeploymentPostprocessing = 0;
		};
/* End PBXSourcesBuildPhase section */

/* Begin PBXTargetDependency section */
		276840B7216F781D0052B2C4 /* PBXTargetDependency */ = {
			isa = PBXTargetDependency;
			target = 2768409D216F781C0052B2C4 /* TalkingChatApp */;
			targetProxy = 276840B6216F781D0052B2C4 /* PBXContainerItemProxy */;
		};
		276840C2216F781D0052B2C4 /* PBXTargetDependency */ = {
			isa = PBXTargetDependency;
			target = 2768409D216F781C0052B2C4 /* TalkingChatApp */;
			targetProxy = 276840C1216F781D0052B2C4 /* PBXContainerItemProxy */;
		};
/* End PBXTargetDependency section */

/* Begin PBXVariantGroup section */
		276840A5216F781C0052B2C4 /* Main.storyboard */ = {
			isa = PBXVariantGroup;
			children = (
				276840A6216F781C0052B2C4 /* Base */,
			);
			name = Main.storyboard;
			sourceTree = "<group>";
		};
		276840AD216F781D0052B2C4 /* LaunchScreen.storyboard */ = {
			isa = PBXVariantGroup;
			children = (
				276840AE216F781D0052B2C4 /* Base */,
			);
			name = LaunchScreen.storyboard;
			sourceTree = "<group>";
		};
/* End PBXVariantGroup section */

/* Begin XCBuildConfiguration section */
		276840C7216F781D0052B2C4 /* Debug */ = {
			isa = XCBuildConfiguration;
			buildSettings = {
				ALWAYS_SEARCH_USER_PATHS = NO;
				CLANG_ANALYZER_NONNULL = YES;
				CLANG_ANALYZER_NUMBER_OBJECT_CONVERSION = YES_AGGRESSIVE;
				CLANG_CXX_LANGUAGE_STANDARD = "gnu++14";
				CLANG_CXX_LIBRARY = "libc++";
				CLANG_ENABLE_MODULES = YES;
				CLANG_ENABLE_OBJC_ARC = YES;
				CLANG_ENABLE_OBJC_WEAK = YES;
				CLANG_WARN_BLOCK_CAPTURE_AUTORELEASING = YES;
				CLANG_WARN_BOOL_CONVERSION = YES;
				CLANG_WARN_COMMA = YES;
				CLANG_WARN_CONSTANT_CONVERSION = YES;
				CLANG_WARN_DEPRECATED_OBJC_IMPLEMENTATIONS = YES;
				CLANG_WARN_DIRECT_OBJC_ISA_USAGE = YES_ERROR;
				CLANG_WARN_DOCUMENTATION_COMMENTS = YES;
				CLANG_WARN_EMPTY_BODY = YES;
				CLANG_WARN_ENUM_CONVERSION = YES;
				CLANG_WARN_INFINITE_RECURSION = YES;
				CLANG_WARN_INT_CONVERSION = YES;
				CLANG_WARN_NON_LITERAL_NULL_CONVERSION = YES;
				CLANG_WARN_OBJC_IMPLICIT_RETAIN_SELF = YES;
				CLANG_WARN_OBJC_LITERAL_CONVERSION = YES;
				CLANG_WARN_OBJC_ROOT_CLASS = YES_ERROR;
				CLANG_WARN_RANGE_LOOP_ANALYSIS = YES;
				CLANG_WARN_STRICT_PROTOTYPES = YES;
				CLANG_WARN_SUSPICIOUS_MOVE = YES;
				CLANG_WARN_UNGUARDED_AVAILABILITY = YES_AGGRESSIVE;
				CLANG_WARN_UNREACHABLE_CODE = YES;
				CLANG_WARN__DUPLICATE_METHOD_MATCH = YES;
				CODE_SIGN_IDENTITY = "iPhone Developer";
				COPY_PHASE_STRIP = NO;
				DEBUG_INFORMATION_FORMAT = dwarf;
				ENABLE_STRICT_OBJC_MSGSEND = YES;
				ENABLE_TESTABILITY = YES;
				GCC_C_LANGUAGE_STANDARD = gnu11;
				GCC_DYNAMIC_NO_PIC = NO;
				GCC_NO_COMMON_BLOCKS = YES;
				GCC_OPTIMIZATION_LEVEL = 0;
				GCC_PREPROCESSOR_DEFINITIONS = (
					"DEBUG=1",
					"$(inherited)",
				);
				GCC_WARN_64_TO_32_BIT_CONVERSION = YES;
				GCC_WARN_ABOUT_RETURN_TYPE = YES_ERROR;
				GCC_WARN_UNDECLARED_SELECTOR = YES;
				GCC_WARN_UNINITIALIZED_AUTOS = YES_AGGRESSIVE;
				GCC_WARN_UNUSED_FUNCTION = YES;
				GCC_WARN_UNUSED_VARIABLE = YES;
				IPHONEOS_DEPLOYMENT_TARGET = 11.4;
				MTL_ENABLE_DEBUG_INFO = YES;
				ONLY_ACTIVE_ARCH = YES;
				SDKROOT = iphoneos;
				SWIFT_ACTIVE_COMPILATION_CONDITIONS = DEBUG;
				SWIFT_OPTIMIZATION_LEVEL = "-Onone";
			};
			name = Debug;
		};
		276840C8216F781D0052B2C4 /* Release */ = {
			isa = XCBuildConfiguration;
			buildSettings = {
				ALWAYS_SEARCH_USER_PATHS = NO;
				CLANG_ANALYZER_NONNULL = YES;
				CLANG_ANALYZER_NUMBER_OBJECT_CONVERSION = YES_AGGRESSIVE;
				CLANG_CXX_LANGUAGE_STANDARD = "gnu++14";
				CLANG_CXX_LIBRARY = "libc++";
				CLANG_ENABLE_MODULES = YES;
				CLANG_ENABLE_OBJC_ARC = YES;
				CLANG_ENABLE_OBJC_WEAK = YES;
				CLANG_WARN_BLOCK_CAPTURE_AUTORELEASING = YES;
				CLANG_WARN_BOOL_CONVERSION = YES;
				CLANG_WARN_COMMA = YES;
				CLANG_WARN_CONSTANT_CONVERSION = YES;
				CLANG_WARN_DEPRECATED_OBJC_IMPLEMENTATIONS = YES;
				CLANG_WARN_DIRECT_OBJC_ISA_USAGE = YES_ERROR;
				CLANG_WARN_DOCUMENTATION_COMMENTS = YES;
				CLANG_WARN_EMPTY_BODY = YES;
				CLANG_WARN_ENUM_CONVERSION = YES;
				CLANG_WARN_INFINITE_RECURSION = YES;
				CLANG_WARN_INT_CONVERSION = YES;
				CLANG_WARN_NON_LITERAL_NULL_CONVERSION = YES;
				CLANG_WARN_OBJC_IMPLICIT_RETAIN_SELF = YES;
				CLANG_WARN_OBJC_LITERAL_CONVERSION = YES;
				CLANG_WARN_OBJC_ROOT_CLASS = YES_ERROR;
				CLANG_WARN_RANGE_LOOP_ANALYSIS = YES;
				CLANG_WARN_STRICT_PROTOTYPES = YES;
				CLANG_WARN_SUSPICIOUS_MOVE = YES;
				CLANG_WARN_UNGUARDED_AVAILABILITY = YES_AGGRESSIVE;
				CLANG_WARN_UNREACHABLE_CODE = YES;
				CLANG_WARN__DUPLICATE_METHOD_MATCH = YES;
				CODE_SIGN_IDENTITY = "iPhone Developer";
				COPY_PHASE_STRIP = NO;
				DEBUG_INFORMATION_FORMAT = "dwarf-with-dsym";
				ENABLE_NS_ASSERTIONS = NO;
				ENABLE_STRICT_OBJC_MSGSEND = YES;
				GCC_C_LANGUAGE_STANDARD = gnu11;
				GCC_NO_COMMON_BLOCKS = YES;
				GCC_WARN_64_TO_32_BIT_CONVERSION = YES;
				GCC_WARN_ABOUT_RETURN_TYPE = YES_ERROR;
				GCC_WARN_UNDECLARED_SELECTOR = YES;
				GCC_WARN_UNINITIALIZED_AUTOS = YES_AGGRESSIVE;
				GCC_WARN_UNUSED_FUNCTION = YES;
				GCC_WARN_UNUSED_VARIABLE = YES;
				IPHONEOS_DEPLOYMENT_TARGET = 11.4;
				MTL_ENABLE_DEBUG_INFO = NO;
				SDKROOT = iphoneos;
				SWIFT_COMPILATION_MODE = wholemodule;
				SWIFT_OPTIMIZATION_LEVEL = "-O";
				VALIDATE_PRODUCT = YES;
			};
			name = Release;
		};
		276840CA216F781D0052B2C4 /* Debug */ = {
			isa = XCBuildConfiguration;
			baseConfigurationReference = B5C39A0A4415ADA78B5D9C64 /* Pods-TalkingChatApp.debug.xcconfig */;
			buildSettings = {
				ASSETCATALOG_COMPILER_APPICON_NAME = AppIcon;
				CLANG_ENABLE_MODULES = YES;
				CODE_SIGN_STYLE = Automatic;
				DEVELOPMENT_TEAM = 4DDS45FZX3;
				INFOPLIST_FILE = TalkingChatApp/Info.plist;
				LD_RUNPATH_SEARCH_PATHS = (
					"$(inherited)",
					"@executable_path/Frameworks",
				);
				PRODUCT_BUNDLE_IDENTIFIER = copyPaste89.TalkingChatApp;
				PRODUCT_NAME = "$(TARGET_NAME)";
				SWIFT_OBJC_BRIDGING_HEADER = "SupportingFiles/TalkingChatApp-Bridging-Header.h";
				SWIFT_OPTIMIZATION_LEVEL = "-Onone";
				SWIFT_VERSION = 4.0;
				TARGETED_DEVICE_FAMILY = "1,2";
			};
			name = Debug;
		};
		276840CB216F781D0052B2C4 /* Release */ = {
			isa = XCBuildConfiguration;
			baseConfigurationReference = C9BA1BDC47B3DD2115139D6A /* Pods-TalkingChatApp.release.xcconfig */;
			buildSettings = {
				ASSETCATALOG_COMPILER_APPICON_NAME = AppIcon;
				CLANG_ENABLE_MODULES = YES;
				CODE_SIGN_STYLE = Automatic;
				DEVELOPMENT_TEAM = 4DDS45FZX3;
				INFOPLIST_FILE = TalkingChatApp/Info.plist;
				LD_RUNPATH_SEARCH_PATHS = (
					"$(inherited)",
					"@executable_path/Frameworks",
				);
				PRODUCT_BUNDLE_IDENTIFIER = copyPaste89.TalkingChatApp;
				PRODUCT_NAME = "$(TARGET_NAME)";
				SWIFT_OBJC_BRIDGING_HEADER = "SupportingFiles/TalkingChatApp-Bridging-Header.h";
				SWIFT_VERSION = 4.0;
				TARGETED_DEVICE_FAMILY = "1,2";
			};
			name = Release;
		};
		276840CD216F781D0052B2C4 /* Debug */ = {
			isa = XCBuildConfiguration;
			baseConfigurationReference = 5ECE8798CD23A7D2CD546021 /* Pods-TalkingChatAppTests.debug.xcconfig */;
			buildSettings = {
				ALWAYS_EMBED_SWIFT_STANDARD_LIBRARIES = YES;
				BUNDLE_LOADER = "$(TEST_HOST)";
				CODE_SIGN_STYLE = Automatic;
				DEVELOPMENT_TEAM = 4DDS45FZX3;
				INFOPLIST_FILE = TalkingChatAppTests/Info.plist;
				LD_RUNPATH_SEARCH_PATHS = (
					"$(inherited)",
					"@executable_path/Frameworks",
					"@loader_path/Frameworks",
				);
				PRODUCT_BUNDLE_IDENTIFIER = copyPaste89.TalkingChatAppTests;
				PRODUCT_NAME = "$(TARGET_NAME)";
				SWIFT_VERSION = 4.0;
				TARGETED_DEVICE_FAMILY = "1,2";
				TEST_HOST = "$(BUILT_PRODUCTS_DIR)/TalkingChatApp.app/TalkingChatApp";
			};
			name = Debug;
		};
		276840CE216F781D0052B2C4 /* Release */ = {
			isa = XCBuildConfiguration;
			baseConfigurationReference = 96200F31F253CDC3AE221E1E /* Pods-TalkingChatAppTests.release.xcconfig */;
			buildSettings = {
				ALWAYS_EMBED_SWIFT_STANDARD_LIBRARIES = YES;
				BUNDLE_LOADER = "$(TEST_HOST)";
				CODE_SIGN_STYLE = Automatic;
				DEVELOPMENT_TEAM = 4DDS45FZX3;
				INFOPLIST_FILE = TalkingChatAppTests/Info.plist;
				LD_RUNPATH_SEARCH_PATHS = (
					"$(inherited)",
					"@executable_path/Frameworks",
					"@loader_path/Frameworks",
				);
				PRODUCT_BUNDLE_IDENTIFIER = copyPaste89.TalkingChatAppTests;
				PRODUCT_NAME = "$(TARGET_NAME)";
				SWIFT_VERSION = 4.0;
				TARGETED_DEVICE_FAMILY = "1,2";
				TEST_HOST = "$(BUILT_PRODUCTS_DIR)/TalkingChatApp.app/TalkingChatApp";
			};
			name = Release;
		};
		276840D0216F781D0052B2C4 /* Debug */ = {
			isa = XCBuildConfiguration;
			baseConfigurationReference = 4723604722989AC26F449736 /* Pods-TalkingChatAppUITests.debug.xcconfig */;
			buildSettings = {
				ALWAYS_EMBED_SWIFT_STANDARD_LIBRARIES = YES;
				CODE_SIGN_STYLE = Automatic;
				DEVELOPMENT_TEAM = 4DDS45FZX3;
				INFOPLIST_FILE = TalkingChatAppUITests/Info.plist;
				LD_RUNPATH_SEARCH_PATHS = (
					"$(inherited)",
					"@executable_path/Frameworks",
					"@loader_path/Frameworks",
				);
				PRODUCT_BUNDLE_IDENTIFIER = copyPaste89.TalkingChatAppUITests;
				PRODUCT_NAME = "$(TARGET_NAME)";
				SWIFT_VERSION = 4.0;
				TARGETED_DEVICE_FAMILY = "1,2";
				TEST_TARGET_NAME = TalkingChatApp;
			};
			name = Debug;
		};
		276840D1216F781D0052B2C4 /* Release */ = {
			isa = XCBuildConfiguration;
			baseConfigurationReference = EE8D1ABFC8FE062F0DFC2371 /* Pods-TalkingChatAppUITests.release.xcconfig */;
			buildSettings = {
				ALWAYS_EMBED_SWIFT_STANDARD_LIBRARIES = YES;
				CODE_SIGN_STYLE = Automatic;
				DEVELOPMENT_TEAM = 4DDS45FZX3;
				INFOPLIST_FILE = TalkingChatAppUITests/Info.plist;
				LD_RUNPATH_SEARCH_PATHS = (
					"$(inherited)",
					"@executable_path/Frameworks",
					"@loader_path/Frameworks",
				);
				PRODUCT_BUNDLE_IDENTIFIER = copyPaste89.TalkingChatAppUITests;
				PRODUCT_NAME = "$(TARGET_NAME)";
				SWIFT_VERSION = 4.0;
				TARGETED_DEVICE_FAMILY = "1,2";
				TEST_TARGET_NAME = TalkingChatApp;
			};
			name = Release;
		};
/* End XCBuildConfiguration section */

/* Begin XCConfigurationList section */
		27684099216F781B0052B2C4 /* Build configuration list for PBXProject "TalkingChatApp" */ = {
			isa = XCConfigurationList;
			buildConfigurations = (
				276840C7216F781D0052B2C4 /* Debug */,
				276840C8216F781D0052B2C4 /* Release */,
			);
			defaultConfigurationIsVisible = 0;
			defaultConfigurationName = Release;
		};
		276840C9216F781D0052B2C4 /* Build configuration list for PBXNativeTarget "TalkingChatApp" */ = {
			isa = XCConfigurationList;
			buildConfigurations = (
				276840CA216F781D0052B2C4 /* Debug */,
				276840CB216F781D0052B2C4 /* Release */,
			);
			defaultConfigurationIsVisible = 0;
			defaultConfigurationName = Release;
		};
		276840CC216F781D0052B2C4 /* Build configuration list for PBXNativeTarget "TalkingChatAppTests" */ = {
			isa = XCConfigurationList;
			buildConfigurations = (
				276840CD216F781D0052B2C4 /* Debug */,
				276840CE216F781D0052B2C4 /* Release */,
			);
			defaultConfigurationIsVisible = 0;
			defaultConfigurationName = Release;
		};
		276840CF216F781D0052B2C4 /* Build configuration list for PBXNativeTarget "TalkingChatAppUITests" */ = {
			isa = XCConfigurationList;
			buildConfigurations = (
				276840D0216F781D0052B2C4 /* Debug */,
				276840D1216F781D0052B2C4 /* Release */,
			);
			defaultConfigurationIsVisible = 0;
			defaultConfigurationName = Release;
		};
/* End XCConfigurationList section */

/* Begin XCVersionGroup section */
		276840A8216F781C0052B2C4 /* TalkingChatApp.xcdatamodeld */ = {
			isa = XCVersionGroup;
			children = (
				276840A9216F781C0052B2C4 /* TalkingChatApp.xcdatamodel */,
			);
			currentVersion = 276840A9216F781C0052B2C4 /* TalkingChatApp.xcdatamodel */;
			path = TalkingChatApp.xcdatamodeld;
			sourceTree = "<group>";
			versionGroupType = wrapper.xcdatamodel;
		};
/* End XCVersionGroup section */
	};
	rootObject = 27684096216F781B0052B2C4 /* Project object */;
}
